
Microsoft Visual Studio Solution File, Format Version 12.00
# Visual Studio Version 17
VisualStudioVersion = 17.0.31903.59
MinimumVisualStudioVersion = 10.0.40219.1
Project("{FAE04EC0-301F-11D3-BF4B-00C04F79EFBC}") = "NewsDaily.Web", "NewsDaily.Web\NewsDaily.Web.csproj", "{4CF7ECE0-06AC-4A2C-BDFE-B1607D96038A}"
EndProject
Global
	GlobalSection(SolutionConfigurationPlatforms) = preSolution
		Debug|Any CPU = Debug|Any CPU
		Release|Any CPU = Release|Any CPU
	EndGlobalSection
	GlobalSection(ProjectConfigurationPlatforms) = postSolution
		{4CF7ECE0-06AC-4A2C-BDFE-B1607D96038A}.Debug|Any CPU.ActiveCfg = Debug|Any CPU
		{4CF7ECE0-06AC-4A2C-BDFE-B1607D96038A}.Debug|Any CPU.Build.0 = Debug|Any CPU
		{4CF7ECE0-06AC-4A2C-BDFE-B1607D96038A}.Release|Any CPU.ActiveCfg = Release|Any CPU
		{4CF7ECE0-06AC-4A2C-BDFE-B1607D96038A}.Release|Any CPU.Build.0 = Release|Any CPU
	EndGlobalSection
	GlobalSection(SolutionProperties) = preSolution
		HideSolutionNode = FALSE
	EndGlobalSection
	GlobalSection(ExtensibilityGlobals) = postSolution
		SolutionGuid = {A937812A-3157-442B-A5A0-43B66E7D6459}
	EndGlobalSection
EndGlobal
