
Microsoft Visual Studio Solution File, Format Version 12.00
# Visual Studio Version 17
VisualStudioVersion = 17.0.32126.317
MinimumVisualStudioVersion = 10.0.40219.1
Project("{FAE04EC0-301F-11D3-BF4B-00C04F79EFBC}") = "BlogDaily.API", "BlogDaily.API\BlogDaily.API.csproj", "{C1BD1C1F-90BF-4022-88F6-FD4A46148FE2}"
EndProject
Project("{FAE04EC0-301F-11D3-BF4B-00C04F79EFBC}") = "DataAccessLayer", "DataAccessLayer\DataAccessLayer.csproj", "{9CD2B8C0-9BAC-4FFC-9431-6F9F302FEFA1}"
EndProject
Global
	GlobalSection(SolutionConfigurationPlatforms) = preSolution
		Debug|Any CPU = Debug|Any CPU
		Release|Any CPU = Release|Any CPU
	EndGlobalSection
	GlobalSection(ProjectConfigurationPlatforms) = postSolution
		{C1BD1C1F-90BF-4022-88F6-FD4A46148FE2}.Debug|Any CPU.ActiveCfg = Debug|Any CPU
		{C1BD1C1F-90BF-4022-88F6-FD4A46148FE2}.Debug|Any CPU.Build.0 = Debug|Any CPU
		{C1BD1C1F-90BF-4022-88F6-FD4A46148FE2}.Release|Any CPU.ActiveCfg = Release|Any CPU
		{C1BD1C1F-90BF-4022-88F6-FD4A46148FE2}.Release|Any CPU.Build.0 = Release|Any CPU
		{9CD2B8C0-9BAC-4FFC-9431-6F9F302FEFA1}.Debug|Any CPU.ActiveCfg = Debug|Any CPU
		{9CD2B8C0-9BAC-4FFC-9431-6F9F302FEFA1}.Debug|Any CPU.Build.0 = Debug|Any CPU
		{9CD2B8C0-9BAC-4FFC-9431-6F9F302FEFA1}.Release|Any CPU.ActiveCfg = Release|Any CPU
		{9CD2B8C0-9BAC-4FFC-9431-6F9F302FEFA1}.Release|Any CPU.Build.0 = Release|Any CPU
	EndGlobalSection
	GlobalSection(SolutionProperties) = preSolution
		HideSolutionNode = FALSE
	EndGlobalSection
	GlobalSection(ExtensibilityGlobals) = postSolution
		SolutionGuid = {2FE21D59-8ACF-47BB-9362-B31D4F9FDC53}
	EndGlobalSection
EndGlobal
